// !$*UTF8*$!
{
	archiveVersion = 1;
	classes = {
	};
	objectVersion = 46;
	objects = {

/* Begin PBXBuildFile section */
		3FE594B41C91A9ED009DB212 /* AppDelegate.swift in Sources */ = {isa = PBXBuildFile; fileRef = 3FE594B31C91A9ED009DB212 /* AppDelegate.swift */; };
		3FE594B61C91A9ED009DB212 /* ViewController.swift in Sources */ = {isa = PBXBuildFile; fileRef = 3FE594B51C91A9ED009DB212 /* ViewController.swift */; };
		3FE594B91C91A9ED009DB212 /* Main.storyboard in Resources */ = {isa = PBXBuildFile; fileRef = 3FE594B71C91A9ED009DB212 /* Main.storyboard */; };
		3FE594BB1C91A9ED009DB212 /* Assets.xcassets in Resources */ = {isa = PBXBuildFile; fileRef = 3FE594BA1C91A9ED009DB212 /* Assets.xcassets */; };
		3FE594BE1C91A9ED009DB212 /* LaunchScreen.storyboard in Resources */ = {isa = PBXBuildFile; fileRef = 3FE594BC1C91A9ED009DB212 /* LaunchScreen.storyboard */; };
		3FE594C91C91A9ED009DB212 /* CoreLocationVideoTests.swift in Sources */ = {isa = PBXBuildFile; fileRef = 3FE594C81C91A9ED009DB212 /* CoreLocationVideoTests.swift */; };
		3FE594D41C91A9ED009DB212 /* CoreLocationVideoUITests.swift in Sources */ = {isa = PBXBuildFile; fileRef = 3FE594D31C91A9ED009DB212 /* CoreLocationVideoUITests.swift */; };
		3FE594E21C91AA1C009DB212 /* CoreLocation.framework in Frameworks */ = {isa = PBXBuildFile; fileRef = 3FE594E11C91AA1C009DB212 /* CoreLocation.framework */; };
		3FE594E41C91AA29009DB212 /* MapKit.framework in Frameworks */ = {isa = PBXBuildFile; fileRef = 3FE594E31C91AA29009DB212 /* MapKit.framework */; };
/* End PBXBuildFile section */

/* Begin PBXContainerItemProxy section */
		3FE594C51C91A9ED009DB212 /* PBXContainerItemProxy */ = {
			isa = PBXContainerItemProxy;
			containerPortal = 3FE594A81C91A9ED009DB212 /* Project object */;
			proxyType = 1;
			remoteGlobalIDString = 3FE594AF1C91A9ED009DB212;
			remoteInfo = CoreLocationVideo;
		};
		3FE594D01C91A9ED009DB212 /* PBXContainerItemProxy */ = {
			isa = PBXContainerItemProxy;
			containerPortal = 3FE594A81C91A9ED009DB212 /* Project object */;
			proxyType = 1;
			remoteGlobalIDString = 3FE594AF1C91A9ED009DB212;
			remoteInfo = CoreLocationVideo;
		};
/* End PBXContainerItemProxy section */

/* Begin PBXFileReference section */
		3FE594B01C91A9ED009DB212 /* CoreLocationVideo.app */ = {isa = PBXFileReference; explicitFileType = wrapper.application; includeInIndex = 0; path = CoreLocationVideo.app; sourceTree = BUILT_PRODUCTS_DIR; };
		3FE594B31C91A9ED009DB212 /* AppDelegate.swift */ = {isa = PBXFileReference; lastKnownFileType = sourcecode.swift; path = AppDelegate.swift; sourceTree = "<group>"; };
		3FE594B51C91A9ED009DB212 /* ViewController.swift */ = {isa = PBXFileReference; lastKnownFileType = sourcecode.swift; path = ViewController.swift; sourceTree = "<group>"; };
		3FE594B81C91A9ED009DB212 /* Base */ = {isa = PBXFileReference; lastKnownFileType = file.storyboard; name = Base; path = Base.lproj/Main.storyboard; sourceTree = "<group>"; };
		3FE594BA1C91A9ED009DB212 /* Assets.xcassets */ = {isa = PBXFileReference; lastKnownFileType = folder.assetcatalog; path = Assets.xcassets; sourceTree = "<group>"; };
		3FE594BD1C91A9ED009DB212 /* Base */ = {isa = PBXFileReference; lastKnownFileType = file.storyboard; name = Base; path = Base.lproj/LaunchScreen.storyboard; sourceTree = "<group>"; };
		3FE594BF1C91A9ED009DB212 /* Info.plist */ = {isa = PBXFileReference; lastKnownFileType = text.plist.xml; path = Info.plist; sourceTree = "<group>"; };
		3FE594C41C91A9ED009DB212 /* CoreLocationVideoTests.xctest */ = {isa = PBXFileReference; explicitFileType = wrapper.cfbundle; includeInIndex = 0; path = CoreLocationVideoTests.xctest; sourceTree = BUILT_PRODUCTS_DIR; };
		3FE594C81C91A9ED009DB212 /* CoreLocationVideoTests.swift */ = {isa = PBXFileReference; lastKnownFileType = sourcecode.swift; path = CoreLocationVideoTests.swift; sourceTree = "<group>"; };
		3FE594CA1C91A9ED009DB212 /* Info.plist */ = {isa = PBXFileReference; lastKnownFileType = text.plist.xml; path = Info.plist; sourceTree = "<group>"; };
		3FE594CF1C91A9ED009DB212 /* CoreLocationVideoUITests.xctest */ = {isa = PBXFileReference; explicitFileType = wrapper.cfbundle; includeInIndex = 0; path = CoreLocationVideoUITests.xctest; sourceTree = BUILT_PRODUCTS_DIR; };
		3FE594D31C91A9ED009DB212 /* CoreLocationVideoUITests.swift */ = {isa = PBXFileReference; lastKnownFileType = sourcecode.swift; path = CoreLocationVideoUITests.swift; sourceTree = "<group>"; };
		3FE594D51C91A9ED009DB212 /* Info.plist */ = {isa = PBXFileReference; lastKnownFileType = text.plist.xml; path = Info.plist; sourceTree = "<group>"; };
		3FE594E11C91AA1C009DB212 /* CoreLocation.framework */ = {isa = PBXFileReference; lastKnownFileType = wrapper.framework; name = CoreLocation.framework; path = System/Library/Frameworks/CoreLocation.framework; sourceTree = SDKROOT; };
		3FE594E31C91AA29009DB212 /* MapKit.framework */ = {isa = PBXFileReference; lastKnownFileType = wrapper.framework; name = MapKit.framework; path = System/Library/Frameworks/MapKit.framework; sourceTree = SDKROOT; };
/* End PBXFileReference section */

/* Begin PBXFrameworksBuildPhase section */
		3FE594AD1C91A9ED009DB212 /* Frameworks */ = {
			isa = PBXFrameworksBuildPhase;
			buildActionMask = 2147483647;
			files = (
				3FE594E41C91AA29009DB212 /* MapKit.framework in Frameworks */,
				3FE594E21C91AA1C009DB212 /* CoreLocation.framework in Frameworks */,
			);
			runOnlyForDeploymentPostprocessing = 0;
		};
		3FE594C11C91A9ED009DB212 /* Frameworks */ = {
			isa = PBXFrameworksBuildPhase;
			buildActionMask = 2147483647;
			files = (
			);
			runOnlyForDeploymentPostprocessing = 0;
		};
		3FE594CC1C91A9ED009DB212 /* Frameworks */ = {
			isa = PBXFrameworksBuildPhase;
			buildActionMask = 2147483647;
			files = (
			);
			runOnlyForDeploymentPostprocessing = 0;
		};
/* End PBXFrameworksBuildPhase section */

/* Begin PBXGroup section */
		3FE594A71C91A9ED009DB212 = {
			isa = PBXGroup;
			children = (
				3FE594E31C91AA29009DB212 /* MapKit.framework */,
				3FE594E11C91AA1C009DB212 /* CoreLocation.framework */,
				3FE594B21C91A9ED009DB212 /* CoreLocationVideo */,
				3FE594C71C91A9ED009DB212 /* CoreLocationVideoTests */,
				3FE594D21C91A9ED009DB212 /* CoreLocationVideoUITests */,
				3FE594B11C91A9ED009DB212 /* Products */,
			);
			sourceTree = "<group>";
		};
		3FE594B11C91A9ED009DB212 /* Products */ = {
			isa = PBXGroup;
			children = (
				3FE594B01C91A9ED009DB212 /* CoreLocationVideo.app */,
				3FE594C41C91A9ED009DB212 /* CoreLocationVideoTests.xctest */,
				3FE594CF1C91A9ED009DB212 /* CoreLocationVideoUITests.xctest */,
			);
			name = Products;
			sourceTree = "<group>";
		};
		3FE594B21C91A9ED009DB212 /* CoreLocationVideo */ = {
			isa = PBXGroup;
			children = (
				3FE594B31C91A9ED009DB212 /* AppDelegate.swift */,
				3FE594B51C91A9ED009DB212 /* ViewController.swift */,
				3FE594B71C91A9ED009DB212 /* Main.storyboard */,
				3FE594BA1C91A9ED009DB212 /* Assets.xcassets */,
				3FE594BC1C91A9ED009DB212 /* LaunchScreen.storyboard */,
				3FE594BF1C91A9ED009DB212 /* Info.plist */,
			);
			path = CoreLocationVideo;
			sourceTree = "<group>";
		};
		3FE594C71C91A9ED009DB212 /* CoreLocationVideoTests */ = {
			isa = PBXGroup;
			children = (
				3FE594C81C91A9ED009DB212 /* CoreLocationVideoTests.swift */,
				3FE594CA1C91A9ED009DB212 /* Info.plist */,
			);
			path = CoreLocationVideoTests;
			sourceTree = "<group>";
		};
		3FE594D21C91A9ED009DB212 /* CoreLocationVideoUITests */ = {
			isa = PBXGroup;
			children = (
				3FE594D31C91A9ED009DB212 /* CoreLocationVideoUITests.swift */,
				3FE594D51C91A9ED009DB212 /* Info.plist */,
			);
			path = CoreLocationVideoUITests;
			sourceTree = "<group>";
		};
/* End PBXGroup section */

/* Begin PBXNativeTarget section */
		3FE594AF1C91A9ED009DB212 /* CoreLocationVideo */ = {
			isa = PBXNativeTarget;
			buildConfigurationList = 3FE594D81C91A9ED009DB212 /* Build configuration list for PBXNativeTarget "CoreLocationVideo" */;
			buildPhases = (
				3FE594AC1C91A9ED009DB212 /* Sources */,
				3FE594AD1C91A9ED009DB212 /* Frameworks */,
				3FE594AE1C91A9ED009DB212 /* Resources */,
			);
			buildRules = (
			);
			dependencies = (
			);
			name = CoreLocationVideo;
			productName = CoreLocationVideo;
			productReference = 3FE594B01C91A9ED009DB212 /* CoreLocationVideo.app */;
			productType = "com.apple.product-type.application";
		};
		3FE594C31C91A9ED009DB212 /* CoreLocationVideoTests */ = {
			isa = PBXNativeTarget;
			buildConfigurationList = 3FE594DB1C91A9ED009DB212 /* Build configuration list for PBXNativeTarget "CoreLocationVideoTests" */;
			buildPhases = (
				3FE594C01C91A9ED009DB212 /* Sources */,
				3FE594C11C91A9ED009DB212 /* Frameworks */,
				3FE594C21C91A9ED009DB212 /* Resources */,
			);
			buildRules = (
			);
			dependencies = (
				3FE594C61C91A9ED009DB212 /* PBXTargetDependency */,
			);
			name = CoreLocationVideoTests;
			productName = CoreLocationVideoTests;
			productReference = 3FE594C41C91A9ED009DB212 /* CoreLocationVideoTests.xctest */;
			productType = "com.apple.product-type.bundle.unit-test";
		};
		3FE594CE1C91A9ED009DB212 /* CoreLocationVideoUITests */ = {
			isa = PBXNativeTarget;
			buildConfigurationList = 3FE594DE1C91A9ED009DB212 /* Build configuration list for PBXNativeTarget "CoreLocationVideoUITests" */;
			buildPhases = (
				3FE594CB1C91A9ED009DB212 /* Sources */,
				3FE594CC1C91A9ED009DB212 /* Frameworks */,
				3FE594CD1C91A9ED009DB212 /* Resources */,
			);
			buildRules = (
			);
			dependencies = (
				3FE594D11C91A9ED009DB212 /* PBXTargetDependency */,
			);
			name = CoreLocationVideoUITests;
			productName = CoreLocationVideoUITests;
			productReference = 3FE594CF1C91A9ED009DB212 /* CoreLocationVideoUITests.xctest */;
			productType = "com.apple.product-type.bundle.ui-testing";
		};
/* End PBXNativeTarget section */

/* Begin PBXProject section */
		3FE594A81C91A9ED009DB212 /* Project object */ = {
			isa = PBXProject;
			attributes = {
				LastSwiftUpdateCheck = 0720;
				LastUpgradeCheck = 0720;
				ORGANIZATIONNAME = BRN;
				TargetAttributes = {
					3FE594AF1C91A9ED009DB212 = {
						CreatedOnToolsVersion = 7.2;
					};
					3FE594C31C91A9ED009DB212 = {
						CreatedOnToolsVersion = 7.2;
						TestTargetID = 3FE594AF1C91A9ED009DB212;
					};
					3FE594CE1C91A9ED009DB212 = {
						CreatedOnToolsVersion = 7.2;
						TestTargetID = 3FE594AF1C91A9ED009DB212;
					};
				};
			};
			buildConfigurationList = 3FE594AB1C91A9ED009DB212 /* Build configuration list for PBXProject "CoreLocationVideo" */;
			compatibilityVersion = "Xcode 3.2";
			developmentRegion = English;
			hasScannedForEncodings = 0;
			knownRegions = (
				en,
				Base,
			);
			mainGroup = 3FE594A71C91A9ED009DB212;
			productRefGroup = 3FE594B11C91A9ED009DB212 /* Products */;
			projectDirPath = "";
			projectRoot = "";
			targets = (
				3FE594AF1C91A9ED009DB212 /* CoreLocationVideo */,
				3FE594C31C91A9ED009DB212 /* CoreLocationVideoTests */,
				3FE594CE1C91A9ED009DB212 /* CoreLocationVideoUITests */,
			);
		};
/* End PBXProject section */

/* Begin PBXResourcesBuildPhase section */
		3FE594AE1C91A9ED009DB212 /* Resources */ = {
			isa = PBXResourcesBuildPhase;
			buildActionMask = 2147483647;
			files = (
				3FE594BE1C91A9ED009DB212 /* LaunchScreen.storyboard in Resources */,
				3FE594BB1C91A9ED009DB212 /* Assets.xcassets in Resources */,
				3FE594B91C91A9ED009DB212 /* Main.storyboard in Resources */,
			);
			runOnlyForDeploymentPostprocessing = 0;
		};
		3FE594C21C91A9ED009DB212 /* Resources */ = {
			isa = PBXResourcesBuildPhase;
			buildActionMask = 2147483647;
			files = (
			);
			runOnlyForDeploymentPostprocessing = 0;
		};
		3FE594CD1C91A9ED009DB212 /* Resources */ = {
			isa = PBXResourcesBuildPhase;
			buildActionMask = 2147483647;
			files = (
			);
			runOnlyForDeploymentPostprocessing = 0;
		};
/* End PBXResourcesBuildPhase section */

/* Begin PBXSourcesBuildPhase section */
		3FE594AC1C91A9ED009DB212 /* Sources */ = {
			isa = PBXSourcesBuildPhase;
			buildActionMask = 2147483647;
			files = (
				3FE594B61C91A9ED009DB212 /* ViewController.swift in Sources */,
				3FE594B41C91A9ED009DB212 /* AppDelegate.swift in Sources */,
			);
			runOnlyForDeploymentPostprocessing = 0;
		};
		3FE594C01C91A9ED009DB212 /* Sources */ = {
			isa = PBXSourcesBuildPhase;
			buildActionMask = 2147483647;
			files = (
				3FE594C91C91A9ED009DB212 /* CoreLocationVideoTests.swift in Sources */,
			);
			runOnlyForDeploymentPostprocessing = 0;
		};
		3FE594CB1C91A9ED009DB212 /* Sources */ = {
			isa = PBXSourcesBuildPhase;
			buildActionMask = 2147483647;
			files = (
				3FE594D41C91A9ED009DB212 /* CoreLocationVideoUITests.swift in Sources */,
			);
			runOnlyForDeploymentPostprocessing = 0;
		};
/* End PBXSourcesBuildPhase section */

/* Begin PBXTargetDependency section */
		3FE594C61C91A9ED009DB212 /* PBXTargetDependency */ = {
			isa = PBXTargetDependency;
			target = 3FE594AF1C91A9ED009DB212 /* CoreLocationVideo */;
			targetProxy = 3FE594C51C91A9ED009DB212 /* PBXContainerItemProxy */;
		};
		3FE594D11C91A9ED009DB212 /* PBXTargetDependency */ = {
			isa = PBXTargetDependency;
			target = 3FE594AF1C91A9ED009DB212 /* CoreLocationVideo */;
			targetProxy = 3FE594D01C91A9ED009DB212 /* PBXContainerItemProxy */;
		};
/* End PBXTargetDependency section */

/* Begin PBXVariantGroup section */
		3FE594B71C91A9ED009DB212 /* Main.storyboard */ = {
			isa = PBXVariantGroup;
			children = (
				3FE594B81C91A9ED009DB212 /* Base */,
			);
			name = Main.storyboard;
			sourceTree = "<group>";
		};
		3FE594BC1C91A9ED009DB212 /* LaunchScreen.storyboard */ = {
			isa = PBXVariantGroup;
			children = (
				3FE594BD1C91A9ED009DB212 /* Base */,
			);
			name = LaunchScreen.storyboard;
			sourceTree = "<group>";
		};
/* End PBXVariantGroup section */

/* Begin XCBuildConfiguration section */
		3FE594D61C91A9ED009DB212 /* Debug */ = {
			isa = XCBuildConfiguration;
			buildSettings = {
				ALWAYS_SEARCH_USER_PATHS = NO;
				CLANG_CXX_LANGUAGE_STANDARD = "gnu++0x";
				CLANG_CXX_LIBRARY = "libc++";
				CLANG_ENABLE_MODULES = YES;
				CLANG_ENABLE_OBJC_ARC = YES;
				CLANG_WARN_BOOL_CONVERSION = YES;
				CLANG_WARN_CONSTANT_CONVERSION = YES;
				CLANG_WARN_DIRECT_OBJC_ISA_USAGE = YES_ERROR;
				CLANG_WARN_EMPTY_BODY = YES;
				CLANG_WARN_ENUM_CONVERSION = YES;
				CLANG_WARN_INT_CONVERSION = YES;
				CLANG_WARN_OBJC_ROOT_CLASS = YES_ERROR;
				CLANG_WARN_UNREACHABLE_CODE = YES;
				CLANG_WARN__DUPLICATE_METHOD_MATCH = YES;
				"CODE_SIGN_IDENTITY[sdk=iphoneos*]" = "iPhone Developer";
				COPY_PHASE_STRIP = NO;
				DEBUG_INFORMATION_FORMAT = dwarf;
				ENABLE_STRICT_OBJC_MSGSEND = YES;
				ENABLE_TESTABILITY = YES;
				GCC_C_LANGUAGE_STANDARD = gnu99;
				GCC_DYNAMIC_NO_PIC = NO;
				GCC_NO_COMMON_BLOCKS = YES;
				GCC_OPTIMIZATION_LEVEL = 0;
				GCC_PREPROCESSOR_DEFINITIONS = (
					"DEBUG=1",
					"$(inherited)",
				);
				GCC_WARN_64_TO_32_BIT_CONVERSION = YES;
				GCC_WARN_ABOUT_RETURN_TYPE = YES_ERROR;
				GCC_WARN_UNDECLARED_SELECTOR = YES;
				GCC_WARN_UNINITIALIZED_AUTOS = YES_AGGRESSIVE;
				GCC_WARN_UNUSED_FUNCTION = YES;
				GCC_WARN_UNUSED_VARIABLE = YES;
				IPHONEOS_DEPLOYMENT_TARGET = 9.2;
				MTL_ENABLE_DEBUG_INFO = YES;
				ONLY_ACTIVE_ARCH = YES;
				SDKROOT = iphoneos;
				SWIFT_OPTIMIZATION_LEVEL = "-Onone";
			};
			name = Debug;
		};
		3FE594D71C91A9ED009DB212 /* Release */ = {
			isa = XCBuildConfiguration;
			buildSettings = {
				ALWAYS_SEARCH_USER_PATHS = NO;
				CLANG_CXX_LANGUAGE_STANDARD = "gnu++0x";
				CLANG_CXX_LIBRARY = "libc++";
				CLANG_ENABLE_MODULES = YES;
				CLANG_ENABLE_OBJC_ARC = YES;
				CLANG_WARN_BOOL_CONVERSION = YES;
				CLANG_WARN_CONSTANT_CONVERSION = YES;
				CLANG_WARN_DIRECT_OBJC_ISA_USAGE = YES_ERROR;
				CLANG_WARN_EMPTY_BODY = YES;
				CLANG_WARN_ENUM_CONVERSION = YES;
				CLANG_WARN_INT_CONVERSION = YES;
				CLANG_WARN_OBJC_ROOT_CLASS = YES_ERROR;
				CLANG_WARN_UNREACHABLE_CODE = YES;
				CLANG_WARN__DUPLICATE_METHOD_MATCH = YES;
				"CODE_SIGN_IDENTITY[sdk=iphoneos*]" = "iPhone Developer";
				COPY_PHASE_STRIP = NO;
				DEBUG_INFORMATION_FORMAT = "dwarf-with-dsym";
				ENABLE_NS_ASSERTIONS = NO;
				ENABLE_STRICT_OBJC_MSGSEND = YES;
				GCC_C_LANGUAGE_STANDARD = gnu99;
				GCC_NO_COMMON_BLOCKS = YES;
				GCC_WARN_64_TO_32_BIT_CONVERSION = YES;
				GCC_WARN_ABOUT_RETURN_TYPE = YES_ERROR;
				GCC_WARN_UNDECLARED_SELECTOR = YES;
				GCC_WARN_UNINITIALIZED_AUTOS = YES_AGGRESSIVE;
				GCC_WARN_UNUSED_FUNCTION = YES;
				GCC_WARN_UNUSED_VARIABLE = YES;
				IPHONEOS_DEPLOYMENT_TARGET = 9.2;
				MTL_ENABLE_DEBUG_INFO = NO;
				SDKROOT = iphoneos;
				VALIDATE_PRODUCT = YES;
			};
			name = Release;
		};
		3FE594D91C91A9ED009DB212 /* Debug */ = {
			isa = XCBuildConfiguration;
			buildSettings = {
				ASSETCATALOG_COMPILER_APPICON_NAME = AppIcon;
				INFOPLIST_FILE = CoreLocationVideo/Info.plist;
				LD_RUNPATH_SEARCH_PATHS = "$(inherited) @executable_path/Frameworks";
				PRODUCT_BUNDLE_IDENTIFIER = com.CoreLocationVideo;
				PRODUCT_NAME = "$(TARGET_NAME)";
			};
			name = Debug;
		};
		3FE594DA1C91A9ED009DB212 /* Release */ = {
			isa = XCBuildConfiguration;
			buildSettings = {
				ASSETCATALOG_COMPILER_APPICON_NAME = AppIcon;
				INFOPLIST_FILE = CoreLocationVideo/Info.plist;
				LD_RUNPATH_SEARCH_PATHS = "$(inherited) @executable_path/Frameworks";
				PRODUCT_BUNDLE_IDENTIFIER = com.CoreLocationVideo;
				PRODUCT_NAME = "$(TARGET_NAME)";
			};
			name = Release;
		};
		3FE594DC1C91A9ED009DB212 /* Debug */ = {
			isa = XCBuildConfiguration;
			buildSettings = {
				BUNDLE_LOADER = "$(TEST_HOST)";
				INFOPLIST_FILE = CoreLocationVideoTests/Info.plist;
				LD_RUNPATH_SEARCH_PATHS = "$(inherited) @executable_path/Frameworks @loader_path/Frameworks";
				PRODUCT_BUNDLE_IDENTIFIER = com.CoreLocationVideoTests;
				PRODUCT_NAME = "$(TARGET_NAME)";
				TEST_HOST = "$(BUILT_PRODUCTS_DIR)/CoreLocationVideo.app/CoreLocationVideo";
			};
			name = Debug;
		};
		3FE594DD1C91A9ED009DB212 /* Release */ = {
			isa = XCBuildConfiguration;
			buildSettings = {
				BUNDLE_LOADER = "$(TEST_HOST)";
				INFOPLIST_FILE = CoreLocationVideoTests/Info.plist;
				LD_RUNPATH_SEARCH_PATHS = "$(inherited) @executable_path/Frameworks @loader_path/Frameworks";
				PRODUCT_BUNDLE_IDENTIFIER = com.CoreLocationVideoTests;
				PRODUCT_NAME = "$(TARGET_NAME)";
				TEST_HOST = "$(BUILT_PRODUCTS_DIR)/CoreLocationVideo.app/CoreLocationVideo";
			};
			name = Release;
		};
		3FE594DF1C91A9ED009DB212 /* Debug */ = {
			isa = XCBuildConfiguration;
			buildSettings = {
				INFOPLIST_FILE = CoreLocationVideoUITests/Info.plist;
				LD_RUNPATH_SEARCH_PATHS = "$(inherited) @executable_path/Frameworks @loader_path/Frameworks";
				PRODUCT_BUNDLE_IDENTIFIER = com.CoreLocationVideoUITests;
				PRODUCT_NAME = "$(TARGET_NAME)";
				TEST_TARGET_NAME = CoreLocationVideo;
				USES_XCTRUNNER = YES;
			};
			name = Debug;
		};
		3FE594E01C91A9ED009DB212 /* Release */ = {
			isa = XCBuildConfiguration;
			buildSettings = {
				INFOPLIST_FILE = CoreLocationVideoUITests/Info.plist;
				LD_RUNPATH_SEARCH_PATHS = "$(inherited) @executable_path/Frameworks @loader_path/Frameworks";
				PRODUCT_BUNDLE_IDENTIFIER = com.CoreLocationVideoUITests;
				PRODUCT_NAME = "$(TARGET_NAME)";
				TEST_TARGET_NAME = CoreLocationVideo;
				USES_XCTRUNNER = YES;
			};
			name = Release;
		};
/* End XCBuildConfiguration section */

/* Begin XCConfigurationList section */
		3FE594AB1C91A9ED009DB212 /* Build configuration list for PBXProject "CoreLocationVideo" */ = {
			isa = XCConfigurationList;
			buildConfigurations = (
				3FE594D61C91A9ED009DB212 /* Debug */,
				3FE594D71C91A9ED009DB212 /* Release */,
			);
			defaultConfigurationIsVisible = 0;
			defaultConfigurationName = Release;
		};
		3FE594D81C91A9ED009DB212 /* Build configuration list for PBXNativeTarget "CoreLocationVideo" */ = {
			isa = XCConfigurationList;
			buildConfigurations = (
				3FE594D91C91A9ED009DB212 /* Debug */,
				3FE594DA1C91A9ED009DB212 /* Release */,
			);
			defaultConfigurationIsVisible = 0;
		};
		3FE594DB1C91A9ED009DB212 /* Build configuration list for PBXNativeTarget "CoreLocationVideoTests" */ = {
			isa = XCConfigurationList;
			buildConfigurations = (
				3FE594DC1C91A9ED009DB212 /* Debug */,
				3FE594DD1C91A9ED009DB212 /* Release */,
			);
			defaultConfigurationIsVisible = 0;
		};
		3FE594DE1C91A9ED009DB212 /* Build configuration list for PBXNativeTarget "CoreLocationVideoUITests" */ = {
			isa = XCConfigurationList;
			buildConfigurations = (
				3FE594DF1C91A9ED009DB212 /* Debug */,
				3FE594E01C91A9ED009DB212 /* Release */,
			);
			defaultConfigurationIsVisible = 0;
		};
/* End XCConfigurationList section */
	};
	rootObject = 3FE594A81C91A9ED009DB212 /* Project object */;
}
